// !$*UTF8*$!
{
	archiveVersion = 1;
	classes = {
	};
	objectVersion = 46;
	objects = {

/* Begin PBXBuildFile section */
		3F83680E19262F1F00A60E18 /* SSPPlaceViewController.m in Sources */ = {isa = PBXBuildFile; fileRef = 3F83680D19262F1F00A60E18 /* SSPPlaceViewController.m */; };
		3F83681019262FFA00A60E18 /* MapKit.framework in Frameworks */ = {isa = PBXBuildFile; fileRef = 3F83680F19262FFA00A60E18 /* MapKit.framework */; };
		3F8368131926351800A60E18 /* Parse.framework in Frameworks */ = {isa = PBXBuildFile; fileRef = 3F8368121926351800A60E18 /* Parse.framework */; };
		3F8368151926354D00A60E18 /* AudioToolbox.framework in Frameworks */ = {isa = PBXBuildFile; fileRef = 3F8368141926354D00A60E18 /* AudioToolbox.framework */; };
		3F8368171926355400A60E18 /* CFNetwork.framework in Frameworks */ = {isa = PBXBuildFile; fileRef = 3F8368161926355400A60E18 /* CFNetwork.framework */; };
		3F8368191926356000A60E18 /* CoreLocation.framework in Frameworks */ = {isa = PBXBuildFile; fileRef = 3F8368181926356000A60E18 /* CoreLocation.framework */; };
		3F83681B1926356B00A60E18 /* libz.dylib in Frameworks */ = {isa = PBXBuildFile; fileRef = 3F83681A1926356B00A60E18 /* libz.dylib */; };
		3F83681D1926357400A60E18 /* MobileCoreServices.framework in Frameworks */ = {isa = PBXBuildFile; fileRef = 3F83681C1926357400A60E18 /* MobileCoreServices.framework */; };
		3F83681F1926357C00A60E18 /* QuartzCore.framework in Frameworks */ = {isa = PBXBuildFile; fileRef = 3F83681E1926357C00A60E18 /* QuartzCore.framework */; };
		3F8368211926358300A60E18 /* Security.framework in Frameworks */ = {isa = PBXBuildFile; fileRef = 3F8368201926358300A60E18 /* Security.framework */; };
		3F8368231926358A00A60E18 /* StoreKit.framework in Frameworks */ = {isa = PBXBuildFile; fileRef = 3F8368221926358A00A60E18 /* StoreKit.framework */; };
		3F8368251926359100A60E18 /* SystemConfiguration.framework in Frameworks */ = {isa = PBXBuildFile; fileRef = 3F8368241926359100A60E18 /* SystemConfiguration.framework */; };
		3F83682E1926362F00A60E18 /* FBMissingSymbols.m in Sources */ = {isa = PBXBuildFile; fileRef = 3F83682D1926362F00A60E18 /* FBMissingSymbols.m */; };
		3F83682F1926366500A60E18 /* Accounts.framework in Frameworks */ = {isa = PBXBuildFile; fileRef = 3F83682A192635C300A60E18 /* Accounts.framework */; };
		3F8368301926366900A60E18 /* Social.framework in Frameworks */ = {isa = PBXBuildFile; fileRef = 3F836828192635AF00A60E18 /* Social.framework */; };
		3F836833192638BE00A60E18 /* SSPCheckInViewController.m in Sources */ = {isa = PBXBuildFile; fileRef = 3F836832192638BE00A60E18 /* SSPCheckInViewController.m */; };
		3F8368361926392900A60E18 /* SSPSecretSpiceAPIManager.m in Sources */ = {isa = PBXBuildFile; fileRef = 3F8368351926392900A60E18 /* SSPSecretSpiceAPIManager.m */; };
		3F8368391926481C00A60E18 /* SSPPerson.m in Sources */ = {isa = PBXBuildFile; fileRef = 3F8368381926481C00A60E18 /* SSPPerson.m */; };
		3F83683C1926493D00A60E18 /* SSPPeopleViewController.m in Sources */ = {isa = PBXBuildFile; fileRef = 3F83683B1926493D00A60E18 /* SSPPeopleViewController.m */; };
		3F87E3ED192652B300866D89 /* SSPChatTableViewController.m in Sources */ = {isa = PBXBuildFile; fileRef = 3F87E3EA192652B300866D89 /* SSPChatTableViewController.m */; };
		3F87E3EE192652B300866D89 /* SSPChatViewController.m in Sources */ = {isa = PBXBuildFile; fileRef = 3F87E3EC192652B300866D89 /* SSPChatViewController.m */; };
		3F87E3F1192652C200866D89 /* SSPUserStore.m in Sources */ = {isa = PBXBuildFile; fileRef = 3F87E3F0192652C200866D89 /* SSPUserStore.m */; };
		3F87E3F4192652CD00866D89 /* SSPConversation.m in Sources */ = {isa = PBXBuildFile; fileRef = 3F87E3F3192652CD00866D89 /* SSPConversation.m */; };
		3F87E3F81926557500866D89 /* SSPMessagingHelper.m in Sources */ = {isa = PBXBuildFile; fileRef = 3F87E3F71926557500866D89 /* SSPMessagingHelper.m */; };
		3FCD4D0719261674004E898B /* Foundation.framework in Frameworks */ = {isa = PBXBuildFile; fileRef = 3FCD4D0619261674004E898B /* Foundation.framework */; };
		3FCD4D0919261674004E898B /* CoreGraphics.framework in Frameworks */ = {isa = PBXBuildFile; fileRef = 3FCD4D0819261674004E898B /* CoreGraphics.framework */; };
		3FCD4D0B19261674004E898B /* UIKit.framework in Frameworks */ = {isa = PBXBuildFile; fileRef = 3FCD4D0A19261674004E898B /* UIKit.framework */; };
		3FCD4D1919261674004E898B /* Images.xcassets in Resources */ = {isa = PBXBuildFile; fileRef = 3FCD4D1819261674004E898B /* Images.xcassets */; };
		3FCD4D3B192616B1004E898B /* main.m in Sources */ = {isa = PBXBuildFile; fileRef = 3FCD4D37192616B1004E898B /* main.m */; };
		3FCD4D3F192616BA004E898B /* SSPAppDelegate.m in Sources */ = {isa = PBXBuildFile; fileRef = 3FCD4D3E192616BA004E898B /* SSPAppDelegate.m */; };
		3FCD4D40192616C2004E898B /* InfoPlist.strings in Resources */ = {isa = PBXBuildFile; fileRef = 3FCD4D42192616C2004E898B /* InfoPlist.strings */; };
		3FCD4D4719261807004E898B /* Main.storyboard in Resources */ = {isa = PBXBuildFile; fileRef = 3FCD4D4619261807004E898B /* Main.storyboard */; };
		3FCD4D4C19261CEC004E898B /* SSPSearchPlacesViewController.m in Sources */ = {isa = PBXBuildFile; fileRef = 3FCD4D4B19261CEC004E898B /* SSPSearchPlacesViewController.m */; };
		3FCD4D5019261ED4004E898B /* SSPFoursquareAPIManager.m in Sources */ = {isa = PBXBuildFile; fileRef = 3FCD4D4F19261ED4004E898B /* SSPFoursquareAPIManager.m */; };
		3FCD4D5419262103004E898B /* SSPPlace.m in Sources */ = {isa = PBXBuildFile; fileRef = 3FCD4D5319262103004E898B /* SSPPlace.m */; };
		6D792410BBBB4B8BB06C750F /* libPods-SecretSpice.a in Frameworks */ = {isa = PBXBuildFile; fileRef = FC8C563F63284377B3B969D4 /* libPods-SecretSpice.a */; };
/* End PBXBuildFile section */

/* Begin PBXFileReference section */
		3F83680C19262F1F00A60E18 /* SSPPlaceViewController.h */ = {isa = PBXFileReference; fileEncoding = 4; lastKnownFileType = sourcecode.c.h; name = SSPPlaceViewController.h; path = Controllers/SSPPlaceViewController.h; sourceTree = "<group>"; };
		3F83680D19262F1F00A60E18 /* SSPPlaceViewController.m */ = {isa = PBXFileReference; fileEncoding = 4; lastKnownFileType = sourcecode.c.objc; name = SSPPlaceViewController.m; path = Controllers/SSPPlaceViewController.m; sourceTree = "<group>"; };
		3F83680F19262FFA00A60E18 /* MapKit.framework */ = {isa = PBXFileReference; lastKnownFileType = wrapper.framework; name = MapKit.framework; path = System/Library/Frameworks/MapKit.framework; sourceTree = SDKROOT; };
		3F8368121926351800A60E18 /* Parse.framework */ = {isa = PBXFileReference; lastKnownFileType = wrapper.framework; name = Parse.framework; path = External/Parse.framework; sourceTree = "<group>"; };
		3F8368141926354D00A60E18 /* AudioToolbox.framework */ = {isa = PBXFileReference; lastKnownFileType = wrapper.framework; name = AudioToolbox.framework; path = System/Library/Frameworks/AudioToolbox.framework; sourceTree = SDKROOT; };
		3F8368161926355400A60E18 /* CFNetwork.framework */ = {isa = PBXFileReference; lastKnownFileType = wrapper.framework; name = CFNetwork.framework; path = System/Library/Frameworks/CFNetwork.framework; sourceTree = SDKROOT; };
		3F8368181926356000A60E18 /* CoreLocation.framework */ = {isa = PBXFileReference; lastKnownFileType = wrapper.framework; name = CoreLocation.framework; path = System/Library/Frameworks/CoreLocation.framework; sourceTree = SDKROOT; };
		3F83681A1926356B00A60E18 /* libz.dylib */ = {isa = PBXFileReference; lastKnownFileType = "compiled.mach-o.dylib"; name = libz.dylib; path = usr/lib/libz.dylib; sourceTree = SDKROOT; };
		3F83681C1926357400A60E18 /* MobileCoreServices.framework */ = {isa = PBXFileReference; lastKnownFileType = wrapper.framework; name = MobileCoreServices.framework; path = System/Library/Frameworks/MobileCoreServices.framework; sourceTree = SDKROOT; };
		3F83681E1926357C00A60E18 /* QuartzCore.framework */ = {isa = PBXFileReference; lastKnownFileType = wrapper.framework; name = QuartzCore.framework; path = System/Library/Frameworks/QuartzCore.framework; sourceTree = SDKROOT; };
		3F8368201926358300A60E18 /* Security.framework */ = {isa = PBXFileReference; lastKnownFileType = wrapper.framework; name = Security.framework; path = System/Library/Frameworks/Security.framework; sourceTree = SDKROOT; };
		3F8368221926358A00A60E18 /* StoreKit.framework */ = {isa = PBXFileReference; lastKnownFileType = wrapper.framework; name = StoreKit.framework; path = System/Library/Frameworks/StoreKit.framework; sourceTree = SDKROOT; };
		3F8368241926359100A60E18 /* SystemConfiguration.framework */ = {isa = PBXFileReference; lastKnownFileType = wrapper.framework; name = SystemConfiguration.framework; path = System/Library/Frameworks/SystemConfiguration.framework; sourceTree = SDKROOT; };
		3F836826192635A400A60E18 /* Twitter.framework */ = {isa = PBXFileReference; lastKnownFileType = wrapper.framework; name = Twitter.framework; path = System/Library/Frameworks/Twitter.framework; sourceTree = SDKROOT; };
		3F836828192635AF00A60E18 /* Social.framework */ = {isa = PBXFileReference; lastKnownFileType = wrapper.framework; name = Social.framework; path = System/Library/Frameworks/Social.framework; sourceTree = SDKROOT; };
		3F83682A192635C300A60E18 /* Accounts.framework */ = {isa = PBXFileReference; lastKnownFileType = wrapper.framework; name = Accounts.framework; path = System/Library/Frameworks/Accounts.framework; sourceTree = SDKROOT; };
		3F83682D1926362F00A60E18 /* FBMissingSymbols.m */ = {isa = PBXFileReference; fileEncoding = 4; lastKnownFileType = sourcecode.c.objc; name = FBMissingSymbols.m; path = Supporting/FBMissingSymbols.m; sourceTree = "<group>"; };
		3F836831192638BE00A60E18 /* SSPCheckInViewController.h */ = {isa = PBXFileReference; fileEncoding = 4; lastKnownFileType = sourcecode.c.h; name = SSPCheckInViewController.h; path = Controllers/SSPCheckInViewController.h; sourceTree = "<group>"; };
		3F836832192638BE00A60E18 /* SSPCheckInViewController.m */ = {isa = PBXFileReference; fileEncoding = 4; lastKnownFileType = sourcecode.c.objc; name = SSPCheckInViewController.m; path = Controllers/SSPCheckInViewController.m; sourceTree = "<group>"; };
		3F8368341926392900A60E18 /* SSPSecretSpiceAPIManager.h */ = {isa = PBXFileReference; fileEncoding = 4; lastKnownFileType = sourcecode.c.h; name = SSPSecretSpiceAPIManager.h; path = Managers/SSPSecretSpiceAPIManager.h; sourceTree = "<group>"; };
		3F8368351926392900A60E18 /* SSPSecretSpiceAPIManager.m */ = {isa = PBXFileReference; fileEncoding = 4; lastKnownFileType = sourcecode.c.objc; name = SSPSecretSpiceAPIManager.m; path = Managers/SSPSecretSpiceAPIManager.m; sourceTree = "<group>"; };
		3F8368371926481C00A60E18 /* SSPPerson.h */ = {isa = PBXFileReference; fileEncoding = 4; lastKnownFileType = sourcecode.c.h; name = SSPPerson.h; path = Models/SSPPerson.h; sourceTree = "<group>"; };
		3F8368381926481C00A60E18 /* SSPPerson.m */ = {isa = PBXFileReference; fileEncoding = 4; lastKnownFileType = sourcecode.c.objc; name = SSPPerson.m; path = Models/SSPPerson.m; sourceTree = "<group>"; };
		3F83683A1926493D00A60E18 /* SSPPeopleViewController.h */ = {isa = PBXFileReference; fileEncoding = 4; lastKnownFileType = sourcecode.c.h; name = SSPPeopleViewController.h; path = Controllers/SSPPeopleViewController.h; sourceTree = "<group>"; };
		3F83683B1926493D00A60E18 /* SSPPeopleViewController.m */ = {isa = PBXFileReference; fileEncoding = 4; lastKnownFileType = sourcecode.c.objc; name = SSPPeopleViewController.m; path = Controllers/SSPPeopleViewController.m; sourceTree = "<group>"; };
		3F87E3E8192652AC00866D89 /* SSPDefinitions.h */ = {isa = PBXFileReference; fileEncoding = 4; lastKnownFileType = sourcecode.c.h; name = SSPDefinitions.h; path = Definitions/SSPDefinitions.h; sourceTree = "<group>"; };
		3F87E3E9192652B300866D89 /* SSPChatTableViewController.h */ = {isa = PBXFileReference; fileEncoding = 4; lastKnownFileType = sourcecode.c.h; name = SSPChatTableViewController.h; path = Controllers/SSPChatTableViewController.h; sourceTree = "<group>"; };
		3F87E3EA192652B300866D89 /* SSPChatTableViewController.m */ = {isa = PBXFileReference; fileEncoding = 4; lastKnownFileType = sourcecode.c.objc; name = SSPChatTableViewController.m; path = Controllers/SSPChatTableViewController.m; sourceTree = "<group>"; };
		3F87E3EB192652B300866D89 /* SSPChatViewController.h */ = {isa = PBXFileReference; fileEncoding = 4; lastKnownFileType = sourcecode.c.h; name = SSPChatViewController.h; path = Controllers/SSPChatViewController.h; sourceTree = "<group>"; };
		3F87E3EC192652B300866D89 /* SSPChatViewController.m */ = {isa = PBXFileReference; fileEncoding = 4; lastKnownFileType = sourcecode.c.objc; name = SSPChatViewController.m; path = Controllers/SSPChatViewController.m; sourceTree = "<group>"; };
		3F87E3EF192652C200866D89 /* SSPUserStore.h */ = {isa = PBXFileReference; fileEncoding = 4; lastKnownFileType = sourcecode.c.h; name = SSPUserStore.h; path = Managers/SSPUserStore.h; sourceTree = "<group>"; };
		3F87E3F0192652C200866D89 /* SSPUserStore.m */ = {isa = PBXFileReference; fileEncoding = 4; lastKnownFileType = sourcecode.c.objc; name = SSPUserStore.m; path = Managers/SSPUserStore.m; sourceTree = "<group>"; };
		3F87E3F2192652CD00866D89 /* SSPConversation.h */ = {isa = PBXFileReference; fileEncoding = 4; lastKnownFileType = sourcecode.c.h; name = SSPConversation.h; path = Models/SSPConversation.h; sourceTree = "<group>"; };
		3F87E3F3192652CD00866D89 /* SSPConversation.m */ = {isa = PBXFileReference; fileEncoding = 4; lastKnownFileType = sourcecode.c.objc; name = SSPConversation.m; path = Models/SSPConversation.m; sourceTree = "<group>"; };
		3F87E3F61926557500866D89 /* SSPMessagingHelper.h */ = {isa = PBXFileReference; fileEncoding = 4; lastKnownFileType = sourcecode.c.h; name = SSPMessagingHelper.h; path = Helpers/SSPMessagingHelper.h; sourceTree = "<group>"; };
		3F87E3F71926557500866D89 /* SSPMessagingHelper.m */ = {isa = PBXFileReference; fileEncoding = 4; lastKnownFileType = sourcecode.c.objc; name = SSPMessagingHelper.m; path = Helpers/SSPMessagingHelper.m; sourceTree = "<group>"; };
		3FCD4D0319261674004E898B /* SecretSpice.app */ = {isa = PBXFileReference; explicitFileType = wrapper.application; includeInIndex = 0; path = SecretSpice.app; sourceTree = BUILT_PRODUCTS_DIR; };
		3FCD4D0619261674004E898B /* Foundation.framework */ = {isa = PBXFileReference; lastKnownFileType = wrapper.framework; name = Foundation.framework; path = System/Library/Frameworks/Foundation.framework; sourceTree = SDKROOT; };
		3FCD4D0819261674004E898B /* CoreGraphics.framework */ = {isa = PBXFileReference; lastKnownFileType = wrapper.framework; name = CoreGraphics.framework; path = System/Library/Frameworks/CoreGraphics.framework; sourceTree = SDKROOT; };
		3FCD4D0A19261674004E898B /* UIKit.framework */ = {isa = PBXFileReference; lastKnownFileType = wrapper.framework; name = UIKit.framework; path = System/Library/Frameworks/UIKit.framework; sourceTree = SDKROOT; };
		3FCD4D1819261674004E898B /* Images.xcassets */ = {isa = PBXFileReference; lastKnownFileType = folder.assetcatalog; path = Images.xcassets; sourceTree = "<group>"; };
		3FCD4D1F19261674004E898B /* XCTest.framework */ = {isa = PBXFileReference; lastKnownFileType = wrapper.framework; name = XCTest.framework; path = Library/Frameworks/XCTest.framework; sourceTree = DEVELOPER_DIR; };
		3FCD4D37192616B1004E898B /* main.m */ = {isa = PBXFileReference; fileEncoding = 4; lastKnownFileType = sourcecode.c.objc; name = main.m; path = Supporting/main.m; sourceTree = "<group>"; };
		3FCD4D38192616B1004E898B /* SecretSpice-Info.plist */ = {isa = PBXFileReference; fileEncoding = 4; lastKnownFileType = text.plist.xml; name = "SecretSpice-Info.plist"; path = "Supporting/SecretSpice-Info.plist"; sourceTree = "<group>"; };
		3FCD4D39192616B1004E898B /* SecretSpice-Prefix.pch */ = {isa = PBXFileReference; fileEncoding = 4; lastKnownFileType = sourcecode.c.h; name = "SecretSpice-Prefix.pch"; path = "Supporting/SecretSpice-Prefix.pch"; sourceTree = "<group>"; };
		3FCD4D3D192616BA004E898B /* SSPAppDelegate.h */ = {isa = PBXFileReference; fileEncoding = 4; lastKnownFileType = sourcecode.c.h; name = SSPAppDelegate.h; path = Application/SSPAppDelegate.h; sourceTree = "<group>"; };
		3FCD4D3E192616BA004E898B /* SSPAppDelegate.m */ = {isa = PBXFileReference; fileEncoding = 4; lastKnownFileType = sourcecode.c.objc; name = SSPAppDelegate.m; path = Application/SSPAppDelegate.m; sourceTree = "<group>"; };
		3FCD4D41192616C2004E898B /* en */ = {isa = PBXFileReference; lastKnownFileType = text.plist.strings; name = en; path = en.lproj/InfoPlist.strings; sourceTree = "<group>"; };
		3FCD4D4619261807004E898B /* Main.storyboard */ = {isa = PBXFileReference; fileEncoding = 4; lastKnownFileType = file.storyboard; name = Main.storyboard; path = View/Main.storyboard; sourceTree = "<group>"; };
		3FCD4D4A19261CEC004E898B /* SSPSearchPlacesViewController.h */ = {isa = PBXFileReference; fileEncoding = 4; lastKnownFileType = sourcecode.c.h; name = SSPSearchPlacesViewController.h; path = Controllers/SSPSearchPlacesViewController.h; sourceTree = "<group>"; };
		3FCD4D4B19261CEC004E898B /* SSPSearchPlacesViewController.m */ = {isa = PBXFileReference; fileEncoding = 4; lastKnownFileType = sourcecode.c.objc; name = SSPSearchPlacesViewController.m; path = Controllers/SSPSearchPlacesViewController.m; sourceTree = "<group>"; };
		3FCD4D4E19261ED4004E898B /* SSPFoursquareAPIManager.h */ = {isa = PBXFileReference; fileEncoding = 4; lastKnownFileType = sourcecode.c.h; name = SSPFoursquareAPIManager.h; path = Managers/SSPFoursquareAPIManager.h; sourceTree = "<group>"; };
		3FCD4D4F19261ED4004E898B /* SSPFoursquareAPIManager.m */ = {isa = PBXFileReference; fileEncoding = 4; lastKnownFileType = sourcecode.c.objc; name = SSPFoursquareAPIManager.m; path = Managers/SSPFoursquareAPIManager.m; sourceTree = "<group>"; };
		3FCD4D5219262103004E898B /* SSPPlace.h */ = {isa = PBXFileReference; fileEncoding = 4; lastKnownFileType = sourcecode.c.h; name = SSPPlace.h; path = Models/SSPPlace.h; sourceTree = "<group>"; };
		3FCD4D5319262103004E898B /* SSPPlace.m */ = {isa = PBXFileReference; fileEncoding = 4; lastKnownFileType = sourcecode.c.objc; name = SSPPlace.m; path = Models/SSPPlace.m; sourceTree = "<group>"; };
		E6D3E3ED8F924CE0A5CC115C /* Pods-SecretSpice.xcconfig */ = {isa = PBXFileReference; includeInIndex = 1; lastKnownFileType = text.xcconfig; name = "Pods-SecretSpice.xcconfig"; path = "Pods/Pods-SecretSpice.xcconfig"; sourceTree = "<group>"; };
		FC8C563F63284377B3B969D4 /* libPods-SecretSpice.a */ = {isa = PBXFileReference; explicitFileType = archive.ar; includeInIndex = 0; path = "libPods-SecretSpice.a"; sourceTree = BUILT_PRODUCTS_DIR; };
/* End PBXFileReference section */

/* Begin PBXFrameworksBuildPhase section */
		3FCD4D0019261674004E898B /* Frameworks */ = {
			isa = PBXFrameworksBuildPhase;
			buildActionMask = 2147483647;
			files = (
				3F8368301926366900A60E18 /* Social.framework in Frameworks */,
				3F83682F1926366500A60E18 /* Accounts.framework in Frameworks */,
				3F8368251926359100A60E18 /* SystemConfiguration.framework in Frameworks */,
				3F8368231926358A00A60E18 /* StoreKit.framework in Frameworks */,
				3F8368211926358300A60E18 /* Security.framework in Frameworks */,
				3F83681F1926357C00A60E18 /* QuartzCore.framework in Frameworks */,
				3F83681D1926357400A60E18 /* MobileCoreServices.framework in Frameworks */,
				3F83681B1926356B00A60E18 /* libz.dylib in Frameworks */,
				3F8368191926356000A60E18 /* CoreLocation.framework in Frameworks */,
				3F8368171926355400A60E18 /* CFNetwork.framework in Frameworks */,
				3F8368151926354D00A60E18 /* AudioToolbox.framework in Frameworks */,
				3F8368131926351800A60E18 /* Parse.framework in Frameworks */,
				3F83681019262FFA00A60E18 /* MapKit.framework in Frameworks */,
				3FCD4D0919261674004E898B /* CoreGraphics.framework in Frameworks */,
				3FCD4D0B19261674004E898B /* UIKit.framework in Frameworks */,
				3FCD4D0719261674004E898B /* Foundation.framework in Frameworks */,
				6D792410BBBB4B8BB06C750F /* libPods-SecretSpice.a in Frameworks */,
			);
			runOnlyForDeploymentPostprocessing = 0;
		};
/* End PBXFrameworksBuildPhase section */

/* Begin PBXGroup section */
		3F836811192634F700A60E18 /* External */ = {
			isa = PBXGroup;
			children = (
				3F8368121926351800A60E18 /* Parse.framework */,
			);
			name = External;
			sourceTree = "<group>";
		};
		3F87E3E71926529D00866D89 /* Definitions */ = {
			isa = PBXGroup;
			children = (
				3F87E3E8192652AC00866D89 /* SSPDefinitions.h */,
			);
			name = Definitions;
			sourceTree = "<group>";
		};
		3F87E3F51926556600866D89 /* Helpers */ = {
			isa = PBXGroup;
			children = (
				3F87E3F61926557500866D89 /* SSPMessagingHelper.h */,
				3F87E3F71926557500866D89 /* SSPMessagingHelper.m */,
			);
			name = Helpers;
			sourceTree = "<group>";
		};
		3FCD4CFA19261674004E898B = {
			isa = PBXGroup;
			children = (
				3FCD4D0C19261674004E898B /* SecretSpice */,
				3FCD4D0519261674004E898B /* Frameworks */,
				3FCD4D0419261674004E898B /* Products */,
				E6D3E3ED8F924CE0A5CC115C /* Pods-SecretSpice.xcconfig */,
			);
			sourceTree = "<group>";
		};
		3FCD4D0419261674004E898B /* Products */ = {
			isa = PBXGroup;
			children = (
				3FCD4D0319261674004E898B /* SecretSpice.app */,
			);
			name = Products;
			sourceTree = "<group>";
		};
		3FCD4D0519261674004E898B /* Frameworks */ = {
			isa = PBXGroup;
			children = (
				3F83682A192635C300A60E18 /* Accounts.framework */,
				3F836828192635AF00A60E18 /* Social.framework */,
				3F836826192635A400A60E18 /* Twitter.framework */,
				3F8368241926359100A60E18 /* SystemConfiguration.framework */,
				3F8368221926358A00A60E18 /* StoreKit.framework */,
				3F8368201926358300A60E18 /* Security.framework */,
				3F83681E1926357C00A60E18 /* QuartzCore.framework */,
				3F83681C1926357400A60E18 /* MobileCoreServices.framework */,
				3F83681A1926356B00A60E18 /* libz.dylib */,
				3F8368181926356000A60E18 /* CoreLocation.framework */,
				3F8368161926355400A60E18 /* CFNetwork.framework */,
				3F8368141926354D00A60E18 /* AudioToolbox.framework */,
				3F83680F19262FFA00A60E18 /* MapKit.framework */,
				3FCD4D0619261674004E898B /* Foundation.framework */,
				3FCD4D0819261674004E898B /* CoreGraphics.framework */,
				3FCD4D0A19261674004E898B /* UIKit.framework */,
				3FCD4D1F19261674004E898B /* XCTest.framework */,
				FC8C563F63284377B3B969D4 /* libPods-SecretSpice.a */,
			);
			name = Frameworks;
			sourceTree = "<group>";
		};
		3FCD4D0C19261674004E898B /* SecretSpice */ = {
			isa = PBXGroup;
			children = (
				3FCD4D3519261681004E898B /* Application */,
				3FCD4D4919261CC4004E898B /* Controllers */,
				3F87E3E71926529D00866D89 /* Definitions */,
				3F87E3F51926556600866D89 /* Helpers */,
				3F836811192634F700A60E18 /* External */,
				3FCD4D4D19261D89004E898B /* Managers */,
				3FCD4D51192620E4004E898B /* Models */,
				3FCD4D1819261674004E898B /* Images.xcassets */,
				3FCD4D0D19261674004E898B /* Supporting */,
				3FCD4D43192617A8004E898B /* View */,
			);
			path = SecretSpice;
			sourceTree = "<group>";
		};
		3FCD4D0D19261674004E898B /* Supporting */ = {
			isa = PBXGroup;
			children = (
				3FCD4D42192616C2004E898B /* InfoPlist.strings */,
				3FCD4D37192616B1004E898B /* main.m */,
				3FCD4D38192616B1004E898B /* SecretSpice-Info.plist */,
				3FCD4D39192616B1004E898B /* SecretSpice-Prefix.pch */,
				3F83682D1926362F00A60E18 /* FBMissingSymbols.m */,
			);
			name = Supporting;
			sourceTree = "<group>";
		};
		3FCD4D3519261681004E898B /* Application */ = {
			isa = PBXGroup;
			children = (
				3FCD4D3D192616BA004E898B /* SSPAppDelegate.h */,
				3FCD4D3E192616BA004E898B /* SSPAppDelegate.m */,
			);
			name = Application;
			sourceTree = "<group>";
		};
		3FCD4D43192617A8004E898B /* View */ = {
			isa = PBXGroup;
			children = (
				3FCD4D4619261807004E898B /* Main.storyboard */,
			);
			name = View;
			sourceTree = "<group>";
		};
		3FCD4D4919261CC4004E898B /* Controllers */ = {
			isa = PBXGroup;
			children = (
				3F87E3E9192652B300866D89 /* SSPChatTableViewController.h */,
				3F87E3EA192652B300866D89 /* SSPChatTableViewController.m */,
				3F87E3EB192652B300866D89 /* SSPChatViewController.h */,
				3F87E3EC192652B300866D89 /* SSPChatViewController.m */,
				3FCD4D4A19261CEC004E898B /* SSPSearchPlacesViewController.h */,
				3FCD4D4B19261CEC004E898B /* SSPSearchPlacesViewController.m */,
				3F83680C19262F1F00A60E18 /* SSPPlaceViewController.h */,
				3F83680D19262F1F00A60E18 /* SSPPlaceViewController.m */,
				3F836831192638BE00A60E18 /* SSPCheckInViewController.h */,
				3F836832192638BE00A60E18 /* SSPCheckInViewController.m */,
				3F83683A1926493D00A60E18 /* SSPPeopleViewController.h */,
				3F83683B1926493D00A60E18 /* SSPPeopleViewController.m */,
			);
			name = Controllers;
			sourceTree = "<group>";
		};
		3FCD4D4D19261D89004E898B /* Managers */ = {
			isa = PBXGroup;
			children = (
				3F87E3EF192652C200866D89 /* SSPUserStore.h */,
				3F87E3F0192652C200866D89 /* SSPUserStore.m */,
				3FCD4D4E19261ED4004E898B /* SSPFoursquareAPIManager.h */,
				3FCD4D4F19261ED4004E898B /* SSPFoursquareAPIManager.m */,
				3F8368341926392900A60E18 /* SSPSecretSpiceAPIManager.h */,
				3F8368351926392900A60E18 /* SSPSecretSpiceAPIManager.m */,
			);
			name = Managers;
			sourceTree = "<group>";
		};
		3FCD4D51192620E4004E898B /* Models */ = {
			isa = PBXGroup;
			children = (
				3F87E3F2192652CD00866D89 /* SSPConversation.h */,
				3F87E3F3192652CD00866D89 /* SSPConversation.m */,
				3FCD4D5219262103004E898B /* SSPPlace.h */,
				3FCD4D5319262103004E898B /* SSPPlace.m */,
				3F8368371926481C00A60E18 /* SSPPerson.h */,
				3F8368381926481C00A60E18 /* SSPPerson.m */,
			);
			name = Models;
			sourceTree = "<group>";
		};
/* End PBXGroup section */

/* Begin PBXNativeTarget section */
		3FCD4D0219261674004E898B /* SecretSpice */ = {
			isa = PBXNativeTarget;
			buildConfigurationList = 3FCD4D2F19261675004E898B /* Build configuration list for PBXNativeTarget "SecretSpice" */;
			buildPhases = (
				BA3CE85A4A444BEFB2F0AB32 /* Check Pods Manifest.lock */,
				3FCD4CFF19261674004E898B /* Sources */,
				3FCD4D0019261674004E898B /* Frameworks */,
				3FCD4D0119261674004E898B /* Resources */,
				BFC21E8ABFD3417E8F91B7BD /* Copy Pods Resources */,
			);
			buildRules = (
			);
			dependencies = (
			);
			name = SecretSpice;
			productName = SecretSpice;
			productReference = 3FCD4D0319261674004E898B /* SecretSpice.app */;
			productType = "com.apple.product-type.application";
		};
/* End PBXNativeTarget section */

/* Begin PBXProject section */
		3FCD4CFB19261674004E898B /* Project object */ = {
			isa = PBXProject;
			attributes = {
				LastUpgradeCheck = 0510;
				ORGANIZATIONNAME = UIKonf;
			};
			buildConfigurationList = 3FCD4CFE19261674004E898B /* Build configuration list for PBXProject "SecretSpice" */;
			compatibilityVersion = "Xcode 3.2";
			developmentRegion = English;
			hasScannedForEncodings = 0;
			knownRegions = (
				en,
			);
			mainGroup = 3FCD4CFA19261674004E898B;
			productRefGroup = 3FCD4D0419261674004E898B /* Products */;
			projectDirPath = "";
			projectRoot = "";
			targets = (
				3FCD4D0219261674004E898B /* SecretSpice */,
			);
		};
/* End PBXProject section */

/* Begin PBXResourcesBuildPhase section */
		3FCD4D0119261674004E898B /* Resources */ = {
			isa = PBXResourcesBuildPhase;
			buildActionMask = 2147483647;
			files = (
				3FCD4D4719261807004E898B /* Main.storyboard in Resources */,
				3FCD4D1919261674004E898B /* Images.xcassets in Resources */,
				3FCD4D40192616C2004E898B /* InfoPlist.strings in Resources */,
			);
			runOnlyForDeploymentPostprocessing = 0;
		};
/* End PBXResourcesBuildPhase section */

/* Begin PBXShellScriptBuildPhase section */
		BA3CE85A4A444BEFB2F0AB32 /* Check Pods Manifest.lock */ = {
			isa = PBXShellScriptBuildPhase;
			buildActionMask = 2147483647;
			files = (
			);
			inputPaths = (
			);
			name = "Check Pods Manifest.lock";
			outputPaths = (
			);
			runOnlyForDeploymentPostprocessing = 0;
			shellPath = /bin/sh;
			shellScript = "diff \"${PODS_ROOT}/../Podfile.lock\" \"${PODS_ROOT}/Manifest.lock\" > /dev/null\nif [[ $? != 0 ]] ; then\n    cat << EOM\nerror: The sandbox is not in sync with the Podfile.lock. Run 'pod install' or update your CocoaPods installation.\nEOM\n    exit 1\nfi\n";
			showEnvVarsInLog = 0;
		};
		BFC21E8ABFD3417E8F91B7BD /* Copy Pods Resources */ = {
			isa = PBXShellScriptBuildPhase;
			buildActionMask = 2147483647;
			files = (
			);
			inputPaths = (
			);
			name = "Copy Pods Resources";
			outputPaths = (
			);
			runOnlyForDeploymentPostprocessing = 0;
			shellPath = /bin/sh;
			shellScript = "\"${SRCROOT}/Pods/Pods-SecretSpice-resources.sh\"\n";
			showEnvVarsInLog = 0;
		};
/* End PBXShellScriptBuildPhase section */

/* Begin PBXSourcesBuildPhase section */
		3FCD4CFF19261674004E898B /* Sources */ = {
			isa = PBXSourcesBuildPhase;
			buildActionMask = 2147483647;
			files = (
				3FCD4D5019261ED4004E898B /* SSPFoursquareAPIManager.m in Sources */,
				3F87E3EE192652B300866D89 /* SSPChatViewController.m in Sources */,
				3F83682E1926362F00A60E18 /* FBMissingSymbols.m in Sources */,
				3F87E3F81926557500866D89 /* SSPMessagingHelper.m in Sources */,
				3FCD4D4C19261CEC004E898B /* SSPSearchPlacesViewController.m in Sources */,
				3FCD4D3F192616BA004E898B /* SSPAppDelegate.m in Sources */,
				3F87E3ED192652B300866D89 /* SSPChatTableViewController.m in Sources */,
				3F83683C1926493D00A60E18 /* SSPPeopleViewController.m in Sources */,
				3F87E3F1192652C200866D89 /* SSPUserStore.m in Sources */,
				3F83680E19262F1F00A60E18 /* SSPPlaceViewController.m in Sources */,
				3FCD4D3B192616B1004E898B /* main.m in Sources */,
				3F8368361926392900A60E18 /* SSPSecretSpiceAPIManager.m in Sources */,
				3F87E3F4192652CD00866D89 /* SSPConversation.m in Sources */,
				3F8368391926481C00A60E18 /* SSPPerson.m in Sources */,
				3FCD4D5419262103004E898B /* SSPPlace.m in Sources */,
				3F836833192638BE00A60E18 /* SSPCheckInViewController.m in Sources */,
			);
			runOnlyForDeploymentPostprocessing = 0;
		};
/* End PBXSourcesBuildPhase section */

/* Begin PBXVariantGroup section */
		3FCD4D42192616C2004E898B /* InfoPlist.strings */ = {
			isa = PBXVariantGroup;
			children = (
				3FCD4D41192616C2004E898B /* en */,
			);
			name = InfoPlist.strings;
			path = Supporting;
			sourceTree = "<group>";
		};
/* End PBXVariantGroup section */

/* Begin XCBuildConfiguration section */
		3FCD4D2D19261675004E898B /* Debug */ = {
			isa = XCBuildConfiguration;
			buildSettings = {
				ALWAYS_SEARCH_USER_PATHS = NO;
				CLANG_CXX_LANGUAGE_STANDARD = "gnu++0x";
				CLANG_CXX_LIBRARY = "libc++";
				CLANG_ENABLE_MODULES = YES;
				CLANG_ENABLE_OBJC_ARC = YES;
				CLANG_WARN_BOOL_CONVERSION = YES;
				CLANG_WARN_CONSTANT_CONVERSION = YES;
				CLANG_WARN_DIRECT_OBJC_ISA_USAGE = YES_ERROR;
				CLANG_WARN_EMPTY_BODY = YES;
				CLANG_WARN_ENUM_CONVERSION = YES;
				CLANG_WARN_INT_CONVERSION = YES;
				CLANG_WARN_OBJC_ROOT_CLASS = YES_ERROR;
				CLANG_WARN__DUPLICATE_METHOD_MATCH = YES;
				"CODE_SIGN_IDENTITY[sdk=iphoneos*]" = "iPhone Developer";
				COPY_PHASE_STRIP = NO;
				GCC_C_LANGUAGE_STANDARD = gnu99;
				GCC_DYNAMIC_NO_PIC = NO;
				GCC_OPTIMIZATION_LEVEL = 0;
				GCC_PREPROCESSOR_DEFINITIONS = (
					"DEBUG=1",
					"$(inherited)",
				);
				GCC_SYMBOLS_PRIVATE_EXTERN = NO;
				GCC_WARN_64_TO_32_BIT_CONVERSION = YES;
				GCC_WARN_ABOUT_RETURN_TYPE = YES_ERROR;
				GCC_WARN_UNDECLARED_SELECTOR = YES;
				GCC_WARN_UNINITIALIZED_AUTOS = YES_AGGRESSIVE;
				GCC_WARN_UNUSED_FUNCTION = YES;
				GCC_WARN_UNUSED_VARIABLE = YES;
				IPHONEOS_DEPLOYMENT_TARGET = 7.1;
				ONLY_ACTIVE_ARCH = YES;
				SDKROOT = iphoneos;
			};
			name = Debug;
		};
		3FCD4D2E19261675004E898B /* Release */ = {
			isa = XCBuildConfiguration;
			buildSettings = {
				ALWAYS_SEARCH_USER_PATHS = NO;
				CLANG_CXX_LANGUAGE_STANDARD = "gnu++0x";
				CLANG_CXX_LIBRARY = "libc++";
				CLANG_ENABLE_MODULES = YES;
				CLANG_ENABLE_OBJC_ARC = YES;
				CLANG_WARN_BOOL_CONVERSION = YES;
				CLANG_WARN_CONSTANT_CONVERSION = YES;
				CLANG_WARN_DIRECT_OBJC_ISA_USAGE = YES_ERROR;
				CLANG_WARN_EMPTY_BODY = YES;
				CLANG_WARN_ENUM_CONVERSION = YES;
				CLANG_WARN_INT_CONVERSION = YES;
				CLANG_WARN_OBJC_ROOT_CLASS = YES_ERROR;
				CLANG_WARN__DUPLICATE_METHOD_MATCH = YES;
				"CODE_SIGN_IDENTITY[sdk=iphoneos*]" = "iPhone Developer";
				COPY_PHASE_STRIP = YES;
				ENABLE_NS_ASSERTIONS = NO;
				GCC_C_LANGUAGE_STANDARD = gnu99;
				GCC_WARN_64_TO_32_BIT_CONVERSION = YES;
				GCC_WARN_ABOUT_RETURN_TYPE = YES_ERROR;
				GCC_WARN_UNDECLARED_SELECTOR = YES;
				GCC_WARN_UNINITIALIZED_AUTOS = YES_AGGRESSIVE;
				GCC_WARN_UNUSED_FUNCTION = YES;
				GCC_WARN_UNUSED_VARIABLE = YES;
				IPHONEOS_DEPLOYMENT_TARGET = 7.1;
				SDKROOT = iphoneos;
				VALIDATE_PRODUCT = YES;
			};
			name = Release;
		};
		3FCD4D3019261675004E898B /* Debug */ = {
			isa = XCBuildConfiguration;
			baseConfigurationReference = E6D3E3ED8F924CE0A5CC115C /* Pods-SecretSpice.xcconfig */;
			buildSettings = {
				ASSETCATALOG_COMPILER_APPICON_NAME = AppIcon;
				ASSETCATALOG_COMPILER_LAUNCHIMAGE_NAME = LaunchImage;
				FRAMEWORK_SEARCH_PATHS = (
					"$(inherited)",
					"$(PROJECT_DIR)/SecretSpice/External",
				);
				GCC_PRECOMPILE_PREFIX_HEADER = YES;
				GCC_PREFIX_HEADER = "SecretSpice/Supporting/SecretSpice-Prefix.pch";
				INFOPLIST_FILE = "$(SRCROOT)/SecretSpice/Supporting/SecretSpice-Info.plist";
				IPHONEOS_DEPLOYMENT_TARGET = 7.0;
				PRODUCT_NAME = "$(TARGET_NAME)";
				WRAPPER_EXTENSION = app;
			};
			name = Debug;
		};
		3FCD4D3119261675004E898B /* Release */ = {
			isa = XCBuildConfiguration;
			baseConfigurationReference = E6D3E3ED8F924CE0A5CC115C /* Pods-SecretSpice.xcconfig */;
			buildSettings = {
				ASSETCATALOG_COMPILER_APPICON_NAME = AppIcon;
				ASSETCATALOG_COMPILER_LAUNCHIMAGE_NAME = LaunchImage;
				FRAMEWORK_SEARCH_PATHS = (
					"$(inherited)",
					"$(PROJECT_DIR)/SecretSpice/External",
				);
				GCC_PRECOMPILE_PREFIX_HEADER = YES;
				GCC_PREFIX_HEADER = "SecretSpice/Supporting/SecretSpice-Prefix.pch";
				INFOPLIST_FILE = "$(SRCROOT)/SecretSpice/Supporting/SecretSpice-Info.plist";
				IPHONEOS_DEPLOYMENT_TARGET = 7.0;
				PRODUCT_NAME = "$(TARGET_NAME)";
				WRAPPER_EXTENSION = app;
			};
			name = Release;
		};
/* End XCBuildConfiguration section */

/* Begin XCConfigurationList section */
		3FCD4CFE19261674004E898B /* Build configuration list for PBXProject "SecretSpice" */ = {
			isa = XCConfigurationList;
			buildConfigurations = (
				3FCD4D2D19261675004E898B /* Debug */,
				3FCD4D2E19261675004E898B /* Release */,
			);
			defaultConfigurationIsVisible = 0;
			defaultConfigurationName = Release;
		};
		3FCD4D2F19261675004E898B /* Build configuration list for PBXNativeTarget "SecretSpice" */ = {
			isa = XCConfigurationList;
			buildConfigurations = (
				3FCD4D3019261675004E898B /* Debug */,
				3FCD4D3119261675004E898B /* Release */,
			);
			defaultConfigurationIsVisible = 0;
			defaultConfigurationName = Release;
		};
/* End XCConfigurationList section */
	};
	rootObject = 3FCD4CFB19261674004E898B /* Project object */;
}
